{
  "version": 4,
  "terraform_version": "1.12.2",
  "serial": 6,
  "lineage": "ce704c81-eb97-518b-89b8-fcf3f07f88f3",
  "outputs": {},
  "resources": [
    {
      "mode": "managed",
      "type": "spotify_playlist",
      "name": "ptaNhi",
      "provider": "provider[\"registry.terraform.io/conradludgate/spotify\"]",
      "instances": [
        {
          "schema_version": 0,
          "attributes": {
            "description": null,
            "id": "21CuO5QWQ1qs6YtIKCY13V",
            "name": "ptaNhi",
            "public": true,
            "snapshot_id": "AAAAAoXgdXEt6FzJXJvgiX/7hfwcHz2v",
            "tracks": [
              "2F7Lm9XPwmt0KMrTAmjjfw"
            ]
          },
          "sensitive_attributes": [],
          "identity_schema_version": 0,
          "private": "bnVsbA=="
        }
      ]
    }
  ],
  "check_results": null
}
